
Microsoft Visual Studio Solution File, Format Version 12.00
# Visual Studio Version 17
VisualStudioVersion = 17.3.32901.215
MinimumVisualStudioVersion = 10.0.40219.1
Project("{8BC9CEB8-8B4A-11D0-8D11-00A0C91BC942}") = "ADS_2022_CA1_V2", "ADS_2022_CA1_V2\ADS_2022_CA1_V2.vcxproj", "{ECB6196E-5CC8-4581-8EF1-0B2DB78829B7}"
EndProject
Project("{8BC9CEB8-8B4A-11D0-8D11-00A0C91BC942}") = "TESTS_ADS_2022_CA1_V2", "TESTS_ADS_2022_CA1_V2\TESTS_ADS_2022_CA1_V2.vcxproj", "{74E11473-F00B-4D06-A504-D8029D6EE8C6}"
EndProject
Global
	GlobalSection(SolutionConfigurationPlatforms) = preSolution
		Debug|x64 = Debug|x64
		Debug|x86 = Debug|x86
		Release|x64 = Release|x64
		Release|x86 = Release|x86
	EndGlobalSection
	GlobalSection(ProjectConfigurationPlatforms) = postSolution
		{ECB6196E-5CC8-4581-8EF1-0B2DB78829B7}.Debug|x64.ActiveCfg = Debug|x64
		{ECB6196E-5CC8-4581-8EF1-0B2DB78829B7}.Debug|x64.Build.0 = Debug|x64
		{ECB6196E-5CC8-4581-8EF1-0B2DB78829B7}.Debug|x86.ActiveCfg = Debug|Win32
		{ECB6196E-5CC8-4581-8EF1-0B2DB78829B7}.Debug|x86.Build.0 = Debug|Win32
		{ECB6196E-5CC8-4581-8EF1-0B2DB78829B7}.Release|x64.ActiveCfg = Release|x64
		{ECB6196E-5CC8-4581-8EF1-0B2DB78829B7}.Release|x64.Build.0 = Release|x64
		{ECB6196E-5CC8-4581-8EF1-0B2DB78829B7}.Release|x86.ActiveCfg = Release|Win32
		{ECB6196E-5CC8-4581-8EF1-0B2DB78829B7}.Release|x86.Build.0 = Release|Win32
		{74E11473-F00B-4D06-A504-D8029D6EE8C6}.Debug|x64.ActiveCfg = Debug|x64
		{74E11473-F00B-4D06-A504-D8029D6EE8C6}.Debug|x64.Build.0 = Debug|x64
		{74E11473-F00B-4D06-A504-D8029D6EE8C6}.Debug|x86.ActiveCfg = Debug|Win32
		{74E11473-F00B-4D06-A504-D8029D6EE8C6}.Debug|x86.Build.0 = Debug|Win32
		{74E11473-F00B-4D06-A504-D8029D6EE8C6}.Release|x64.ActiveCfg = Release|x64
		{74E11473-F00B-4D06-A504-D8029D6EE8C6}.Release|x64.Build.0 = Release|x64
		{74E11473-F00B-4D06-A504-D8029D6EE8C6}.Release|x86.ActiveCfg = Release|Win32
		{74E11473-F00B-4D06-A504-D8029D6EE8C6}.Release|x86.Build.0 = Release|Win32
	EndGlobalSection
	GlobalSection(SolutionProperties) = preSolution
		HideSolutionNode = FALSE
	EndGlobalSection
	GlobalSection(ExtensibilityGlobals) = postSolution
		SolutionGuid = {D6C7838E-59D6-428E-8B3B-5B6D1C3E6A4E}
	EndGlobalSection
EndGlobal
